PODS:
  - ContourProgressView (1.0.0)
  - Kingfisher (3.10.2)
  - RxCocoa (3.1.0):
    - RxSwift (~> 3.1)
  - RxSwift (3.1.0)

DEPENDENCIES:
  - ContourProgressView
  - Kingfisher (~> 3.0)
  - RxCocoa (~> 3.1.0)
  - RxSwift (~> 3.1.0)

SPEC CHECKSUMS:
  ContourProgressView: a106f66c99d6b0c0492ca36530d28da67d2d6a15
  Kingfisher: 7297492bf8cec9b2e2dee3519f2219948580d98e
  RxCocoa: 50d7564866da9299161e86a263ce12a0873904d8
  RxSwift: 83ff553e7593fdfdcb2562933a64c0284dffdadc

PODFILE CHECKSUM: 23384f59514982680893d00358ce38309ebefa9b

COCOAPODS: 1.2.1
